
Microsoft Visual Studio Solution File, Format Version 12.00
# Visual Studio 15
VisualStudioVersion = 15.0.28307.136
MinimumVisualStudioVersion = 10.0.40219.1
Project("{FAE04EC0-301F-11D3-BF4B-00C04F79EFBC}") = "BusinessLayer", "BusinessLayer\BusinessLayer.csproj", "{317C9F8B-CDAA-4586-B950-3DC583803A44}"
EndProject
Global
	GlobalSection(SolutionConfigurationPlatforms) = preSolution
		Debug|Any CPU = Debug|Any CPU
		Release|Any CPU = Release|Any CPU
	EndGlobalSection
	GlobalSection(ProjectConfigurationPlatforms) = postSolution
		{317C9F8B-CDAA-4586-B950-3DC583803A44}.Debug|Any CPU.ActiveCfg = Debug|Any CPU
		{317C9F8B-CDAA-4586-B950-3DC583803A44}.Debug|Any CPU.Build.0 = Debug|Any CPU
		{317C9F8B-CDAA-4586-B950-3DC583803A44}.Release|Any CPU.ActiveCfg = Release|Any CPU
		{317C9F8B-CDAA-4586-B950-3DC583803A44}.Release|Any CPU.Build.0 = Release|Any CPU
	EndGlobalSection
	GlobalSection(SolutionProperties) = preSolution
		HideSolutionNode = FALSE
	EndGlobalSection
	GlobalSection(ExtensibilityGlobals) = postSolution
		SolutionGuid = {CDD667F4-787D-44D8-BCF9-C1D6FFB41471}
	EndGlobalSection
EndGlobal
